
Microsoft Visual Studio Solution File, Format Version 12.00
# Visual Studio Version 17
VisualStudioVersion = 17.0.31903.59
MinimumVisualStudioVersion = 10.0.40219.1
Project("{2150E333-8FDC-42A3-9474-1A3956D46DE8}") = "src", "src", "{8CB2C07F-A303-4D8A-8EE6-B1A1E52EF6CB}"
EndProject
Project("{FAE04EC0-301F-11D3-BF4B-00C04F79EFBC}") = "RingBuffer.Sbe", "src\RingBuffer.Sbe\RingBuffer.Sbe.csproj", "{65773708-17C1-41F1-AC38-13702903E43E}"
EndProject
Project("{FAE04EC0-301F-11D3-BF4B-00C04F79EFBC}") = "RingBuffer.Core", "src\RingBuffer.Core\RingBuffer.Core.csproj", "{4AC4BFD1-7F15-44AC-B8D1-C110088F8D24}"
EndProject
Project("{FAE04EC0-301F-11D3-BF4B-00C04F79EFBC}") = "RingBuffer.Codecs", "src\RingBuffer.Codecs\RingBuffer.Codecs.csproj", "{67B5BCCF-F4F1-428C-A1F6-54472BDC01CD}"
EndProject
Project("{2150E333-8FDC-42A3-9474-1A3956D46DE8}") = "tests", "tests", "{27C5508C-5945-4406-A0CA-30462DAD0A48}"
EndProject
Project("{FAE04EC0-301F-11D3-BF4B-00C04F79EFBC}") = "RingBuffer.Codecs.Tests", "tests\RingBuffer.Codecs.Tests\RingBuffer.Codecs.Tests.csproj", "{5BDBEE32-0071-445D-801E-2ED2293EA5F2}"
EndProject
Project("{FAE04EC0-301F-11D3-BF4B-00C04F79EFBC}") = "RingBuffer.TestSupport", "tests\RingBuffer.TestSupport\RingBuffer.TestSupport.csproj", "{2529F43C-D468-4CC3-9AE3-3FD52E700194}"
EndProject
Project("{FAE04EC0-301F-11D3-BF4B-00C04F79EFBC}") = "RingBuffer.Core.Tests", "tests\RingBuffer.Core.Tests\RingBuffer.Core.Tests.csproj", "{0BF706CA-21C9-47A7-ADB2-BEA804F28127}"
EndProject
Project("{2150E333-8FDC-42A3-9474-1A3956D46DE8}") = "tools", "tools", "{E20BE407-7938-4248-BC3D-FE91F5FF1FE3}"
EndProject
Project("{FAE04EC0-301F-11D3-BF4B-00C04F79EFBC}") = "CorpusBuilder", "tools\CorpusBuilder\CorpusBuilder.csproj", "{75520AA9-FF6A-41B7-B0B1-6DD0201CD09B}"
EndProject
Project("{FAE04EC0-301F-11D3-BF4B-00C04F79EFBC}") = "RingBuffer.Replay", "tests\RingBuffer.Replay\RingBuffer.Replay.csproj", "{BDB19605-1976-47B0-8439-FD8FA3901851}"
EndProject
Project("{FAE04EC0-301F-11D3-BF4B-00C04F79EFBC}") = "RingBuffer.Acceptance", "tests\RingBuffer.Acceptance\RingBuffer.Acceptance.csproj", "{B0B2DCFF-2CF5-46F5-B878-2CF3D06468DC}"
EndProject
Global
	GlobalSection(SolutionConfigurationPlatforms) = preSolution
		Debug|Any CPU = Debug|Any CPU
		Release|Any CPU = Release|Any CPU
	EndGlobalSection
	GlobalSection(SolutionProperties) = preSolution
		HideSolutionNode = FALSE
	EndGlobalSection
	GlobalSection(ProjectConfigurationPlatforms) = postSolution
		{65773708-17C1-41F1-AC38-13702903E43E}.Debug|Any CPU.ActiveCfg = Debug|Any CPU
		{65773708-17C1-41F1-AC38-13702903E43E}.Debug|Any CPU.Build.0 = Debug|Any CPU
		{65773708-17C1-41F1-AC38-13702903E43E}.Release|Any CPU.ActiveCfg = Release|Any CPU
		{65773708-17C1-41F1-AC38-13702903E43E}.Release|Any CPU.Build.0 = Release|Any CPU
		{4AC4BFD1-7F15-44AC-B8D1-C110088F8D24}.Debug|Any CPU.ActiveCfg = Debug|Any CPU
		{4AC4BFD1-7F15-44AC-B8D1-C110088F8D24}.Debug|Any CPU.Build.0 = Debug|Any CPU
		{4AC4BFD1-7F15-44AC-B8D1-C110088F8D24}.Release|Any CPU.ActiveCfg = Release|Any CPU
		{4AC4BFD1-7F15-44AC-B8D1-C110088F8D24}.Release|Any CPU.Build.0 = Release|Any CPU
		{67B5BCCF-F4F1-428C-A1F6-54472BDC01CD}.Debug|Any CPU.ActiveCfg = Debug|Any CPU
		{67B5BCCF-F4F1-428C-A1F6-54472BDC01CD}.Debug|Any CPU.Build.0 = Debug|Any CPU
		{67B5BCCF-F4F1-428C-A1F6-54472BDC01CD}.Release|Any CPU.ActiveCfg = Release|Any CPU
		{67B5BCCF-F4F1-428C-A1F6-54472BDC01CD}.Release|Any CPU.Build.0 = Release|Any CPU
		{5BDBEE32-0071-445D-801E-2ED2293EA5F2}.Debug|Any CPU.ActiveCfg = Debug|Any CPU
		{5BDBEE32-0071-445D-801E-2ED2293EA5F2}.Debug|Any CPU.Build.0 = Debug|Any CPU
		{5BDBEE32-0071-445D-801E-2ED2293EA5F2}.Release|Any CPU.ActiveCfg = Release|Any CPU
		{5BDBEE32-0071-445D-801E-2ED2293EA5F2}.Release|Any CPU.Build.0 = Release|Any CPU
		{2529F43C-D468-4CC3-9AE3-3FD52E700194}.Debug|Any CPU.ActiveCfg = Debug|Any CPU
		{2529F43C-D468-4CC3-9AE3-3FD52E700194}.Debug|Any CPU.Build.0 = Debug|Any CPU
		{2529F43C-D468-4CC3-9AE3-3FD52E700194}.Release|Any CPU.ActiveCfg = Release|Any CPU
		{2529F43C-D468-4CC3-9AE3-3FD52E700194}.Release|Any CPU.Build.0 = Release|Any CPU
		{0BF706CA-21C9-47A7-ADB2-BEA804F28127}.Debug|Any CPU.ActiveCfg = Debug|Any CPU
		{0BF706CA-21C9-47A7-ADB2-BEA804F28127}.Debug|Any CPU.Build.0 = Debug|Any CPU
		{0BF706CA-21C9-47A7-ADB2-BEA804F28127}.Release|Any CPU.ActiveCfg = Release|Any CPU
		{0BF706CA-21C9-47A7-ADB2-BEA804F28127}.Release|Any CPU.Build.0 = Release|Any CPU
		{75520AA9-FF6A-41B7-B0B1-6DD0201CD09B}.Debug|Any CPU.ActiveCfg = Debug|Any CPU
		{75520AA9-FF6A-41B7-B0B1-6DD0201CD09B}.Debug|Any CPU.Build.0 = Debug|Any CPU
		{75520AA9-FF6A-41B7-B0B1-6DD0201CD09B}.Release|Any CPU.ActiveCfg = Release|Any CPU
		{75520AA9-FF6A-41B7-B0B1-6DD0201CD09B}.Release|Any CPU.Build.0 = Release|Any CPU
		{BDB19605-1976-47B0-8439-FD8FA3901851}.Debug|Any CPU.ActiveCfg = Debug|Any CPU
		{BDB19605-1976-47B0-8439-FD8FA3901851}.Debug|Any CPU.Build.0 = Debug|Any CPU
		{BDB19605-1976-47B0-8439-FD8FA3901851}.Release|Any CPU.ActiveCfg = Release|Any CPU
		{BDB19605-1976-47B0-8439-FD8FA3901851}.Release|Any CPU.Build.0 = Release|Any CPU
		{B0B2DCFF-2CF5-46F5-B878-2CF3D06468DC}.Debug|Any CPU.ActiveCfg = Debug|Any CPU
		{B0B2DCFF-2CF5-46F5-B878-2CF3D06468DC}.Debug|Any CPU.Build.0 = Debug|Any CPU
		{B0B2DCFF-2CF5-46F5-B878-2CF3D06468DC}.Release|Any CPU.ActiveCfg = Release|Any CPU
		{B0B2DCFF-2CF5-46F5-B878-2CF3D06468DC}.Release|Any CPU.Build.0 = Release|Any CPU
	EndGlobalSection
	GlobalSection(NestedProjects) = preSolution
		{65773708-17C1-41F1-AC38-13702903E43E} = {8CB2C07F-A303-4D8A-8EE6-B1A1E52EF6CB}
		{4AC4BFD1-7F15-44AC-B8D1-C110088F8D24} = {8CB2C07F-A303-4D8A-8EE6-B1A1E52EF6CB}
		{67B5BCCF-F4F1-428C-A1F6-54472BDC01CD} = {8CB2C07F-A303-4D8A-8EE6-B1A1E52EF6CB}
		{5BDBEE32-0071-445D-801E-2ED2293EA5F2} = {27C5508C-5945-4406-A0CA-30462DAD0A48}
		{2529F43C-D468-4CC3-9AE3-3FD52E700194} = {27C5508C-5945-4406-A0CA-30462DAD0A48}
		{0BF706CA-21C9-47A7-ADB2-BEA804F28127} = {27C5508C-5945-4406-A0CA-30462DAD0A48}
		{75520AA9-FF6A-41B7-B0B1-6DD0201CD09B} = {E20BE407-7938-4248-BC3D-FE91F5FF1FE3}
		{BDB19605-1976-47B0-8439-FD8FA3901851} = {27C5508C-5945-4406-A0CA-30462DAD0A48}
		{B0B2DCFF-2CF5-46F5-B878-2CF3D06468DC} = {27C5508C-5945-4406-A0CA-30462DAD0A48}
	EndGlobalSection
EndGlobal
